github.com/davecgh/go-spew v1.1.0/go.mod h1:J7Y8YcW2NihsgmVo/mv3lAwl/skON4iLHjSsI+c5H38=
github.com/go-chi/chi/v5 v5.0.7 h1:rDTPXLDHGATaeHvVlLcR4Qe0zftYethFucbjVQ1PxU8=
github.com/go-chi/chi/v5 v5.0.7/go.mod h1:DslCQbL2OYiznFReuXYUmQ2hGd1aDpCnlMNITLSKoi8=
github.com/golang-jwt/jwt v3.2.2+incompatible h1:IfV12K8xAKAnZqdXVzCZ+TOjboZ2keLg81eXfW3O+oY=
github.com/golang-jwt/jwt v3.2.2+incompatible/go.mod h1:8pz2t5EyA70fFQQSrl6XZXzqecmYZeUEB8OUGHkxJ+I=
github.com/pkg/errors v0.9.1 h1:FEBLx1zS214owpjy7qsBeixbURkuhQAwrK5UwLGTwt4=
github.com/pkg/errors v0.9.1/go.mod h1:bwawxfHBFNV+L2hUp1rHADufV3IMtnDRdf1r5NINEl0=
github.com/pmezard/go-difflib v1.0.0/go.mod h1:iKH77koFhYxTK1pcRnkKkqfTogsbg7gZNVY4sRDYZ/4=
github.com/stretchr/objx v0.1.0/go.mod h1:HFkY916IF+rwdDfMAkV7OtwuqBVzrE8GR6GFx+wExME=
github.com/stretchr/testify v1.7.0/go.mod h1:6Fq8oRcR53rry900zMqJjRRixrwX3KX962/h/Wwjteg=
github.com/zebox/gojwk v0.0.0-20211231131926-ea654c3f011c h1:V+tINYiTulhs5ASBpHbNwnRqMHDbxIiIkxE9rlLz+Gw=
github.com/zebox/gojwk v0.0.0-20211231131926-ea654c3f011c/go.mod h1:VwoOl7hMAGz1kR+Co4IAGU453qYS9TcJqG+rC26aM3A=
github.com/zebox/gojwk v0.1.1-0.20220104174310-b277d6944ea1 h1:RC0lz6prK7hqQVtBNkAHjK/64obZF8NkOiqJdpZ3lyg=
github.com/zebox/gojwk v0.1.1-0.20220104174310-b277d6944ea1/go.mod h1:VwoOl7hMAGz1kR+Co4IAGU453qYS9TcJqG+rC26aM3A=
github.com/zebox/gojwk v0.1.1-0.20220105130503-b371bbc63506 h1:wmg2tjkf1lz3mYmYoJIqbRfe/2DMteCLq+xsG1MESqo=
github.com/zebox/gojwk v0.1.1-0.20220105130503-b371bbc63506/go.mod h1:VwoOl7hMAGz1kR+Co4IAGU453qYS9TcJqG+rC26aM3A=
github.com/zebox/gojwk v0.1.1-0.20220105133939-77d607d78934 h1:WwLRRre63W8C0AUYv61utZ5bTYW3K5jMEI9Xfn2Ub7g=
github.com/zebox/gojwk v0.1.1-0.20220105133939-77d607d78934/go.mod h1:VwoOl7hMAGz1kR+Co4IAGU453qYS9TcJqG+rC26aM3A=
gopkg.in/check.v1 v0.0.0-20161208181325-20d25e280405/go.mod h1:Co6ibVJAznAaIkqp8huTwlJQCZ016jof/cbN4VW5Yz0=
gopkg.in/yaml.v3 v3.0.0-20200313102051-9f266ea9e77c/go.mod h1:K4uyk7z7BCEPqu6E+C64Yfv1cQ7kz7rIZviUmN+EgEM=
